{
  "name": "BINGOOOOO",
  "lockfileVersion": 3,
  "requires": true,
  "packages": {
    "": {
      "dependencies": {
        "micromodal": "^0.6.1"
      }
    },
    "node_modules/micromodal": {
      "version": "0.6.1",
      "resolved": "https://registry.npmjs.org/micromodal/-/micromodal-0.6.1.tgz",
      "integrity": "sha512-rw1fOptxQe3XGDm9xil9hBC2ylPb1kKZyYv4FlK54R/7L+KG+D8SQxPL5L8OlEXAhBDHckeoULYxWSYU9rg/RA==",
      "license": "ISC",
      "engines": {
        "node": ">=10"
      }
    }
  }
}
